
Microsoft Visual Studio Solution File, Format Version 12.00
# Visual Studio Version 17
VisualStudioVersion = 17.13.35931.197 d17.13
MinimumVisualStudioVersion = 10.0.40219.1
Project("{8BC9CEB8-8B4A-11D0-8D11-00A0C91BC942}") = "SmilarityTest", "SmilarityTest\SmilarityTest.vcxproj", "{44D65D77-536D-4C97-AB1E-1DB98B124FE7}"
EndProject
Project("{2150E333-8FDC-42A3-9474-1A3956D46DE8}") = "솔루션 파일", "솔루션 파일", "{C8D5274F-AC00-46C7-1F8D-E88E81087A52}"
	ProjectSection(SolutionItems) = preProject
		.gitignore = .gitignore
	EndProjectSection
EndProject
Global
	GlobalSection(SolutionConfigurationPlatforms) = preSolution
		Debug|x64 = Debug|x64
		Debug|x86 = Debug|x86
		Release|x64 = Release|x64
		Release|x86 = Release|x86
	EndGlobalSection
	GlobalSection(ProjectConfigurationPlatforms) = postSolution
		{44D65D77-536D-4C97-AB1E-1DB98B124FE7}.Debug|x64.ActiveCfg = Debug|x64
		{44D65D77-536D-4C97-AB1E-1DB98B124FE7}.Debug|x64.Build.0 = Debug|x64
		{44D65D77-536D-4C97-AB1E-1DB98B124FE7}.Debug|x86.ActiveCfg = Debug|Win32
		{44D65D77-536D-4C97-AB1E-1DB98B124FE7}.Debug|x86.Build.0 = Debug|Win32
		{44D65D77-536D-4C97-AB1E-1DB98B124FE7}.Release|x64.ActiveCfg = Release|x64
		{44D65D77-536D-4C97-AB1E-1DB98B124FE7}.Release|x64.Build.0 = Release|x64
		{44D65D77-536D-4C97-AB1E-1DB98B124FE7}.Release|x86.ActiveCfg = Release|Win32
		{44D65D77-536D-4C97-AB1E-1DB98B124FE7}.Release|x86.Build.0 = Release|Win32
	EndGlobalSection
	GlobalSection(SolutionProperties) = preSolution
		HideSolutionNode = FALSE
	EndGlobalSection
	GlobalSection(ExtensibilityGlobals) = postSolution
		SolutionGuid = {5A6AAAC9-6ECE-4860-A286-A439DEAA7DA5}
	EndGlobalSection
EndGlobal
